// !$*UTF8*$!
{
	archiveVersion = 1;
	classes = {
	};
	objectVersion = 50;
	objects = {

/* Begin PBXBuildFile section */
		B5A3BB5922295B9800380C62 /* YYWeakProxy.m in Sources */ = {isa = PBXBuildFile; fileRef = B5A3BB5822295B9800380C62 /* YYWeakProxy.m */; };
		B5A3BB8B222B720500380C62 /* LICENSE in Resources */ = {isa = PBXBuildFile; fileRef = B5A3BB6F222B720500380C62 /* LICENSE */; };
		B5A3BB8C222B720500380C62 /* NSLayoutConstraint+MASDebugAdditions.m in Sources */ = {isa = PBXBuildFile; fileRef = B5A3BB72222B720500380C62 /* NSLayoutConstraint+MASDebugAdditions.m */; };
		B5A3BB8D222B720500380C62 /* ViewController+MASAdditions.m in Sources */ = {isa = PBXBuildFile; fileRef = B5A3BB7B222B720500380C62 /* ViewController+MASAdditions.m */; };
		B5A3BB8E222B720500380C62 /* MASCompositeConstraint.m in Sources */ = {isa = PBXBuildFile; fileRef = B5A3BB7F222B720500380C62 /* MASCompositeConstraint.m */; };
		B5A3BB8F222B720500380C62 /* MASConstraintMaker.m in Sources */ = {isa = PBXBuildFile; fileRef = B5A3BB80222B720500380C62 /* MASConstraintMaker.m */; };
		B5A3BB90222B720500380C62 /* MASLayoutConstraint.m in Sources */ = {isa = PBXBuildFile; fileRef = B5A3BB81222B720500380C62 /* MASLayoutConstraint.m */; };
		B5A3BB91222B720500380C62 /* NSArray+MASAdditions.m in Sources */ = {isa = PBXBuildFile; fileRef = B5A3BB82222B720500380C62 /* NSArray+MASAdditions.m */; };
		B5A3BB92222B720500380C62 /* View+MASAdditions.m in Sources */ = {isa = PBXBuildFile; fileRef = B5A3BB83222B720500380C62 /* View+MASAdditions.m */; };
		B5A3BB93222B720500380C62 /* MASConstraint.m in Sources */ = {isa = PBXBuildFile; fileRef = B5A3BB86222B720500380C62 /* MASConstraint.m */; };
		B5A3BB94222B720500380C62 /* MASViewConstraint.m in Sources */ = {isa = PBXBuildFile; fileRef = B5A3BB88222B720500380C62 /* MASViewConstraint.m */; };
		B5A3BB95222B720500380C62 /* MASViewAttribute.m in Sources */ = {isa = PBXBuildFile; fileRef = B5A3BB89222B720500380C62 /* MASViewAttribute.m */; };
		B5A3BB96222B720500380C62 /* README.md in Resources */ = {isa = PBXBuildFile; fileRef = B5A3BB8A222B720500380C62 /* README.md */; };
		B5FD60292227F8A10029DC9C /* AppDelegate.m in Sources */ = {isa = PBXBuildFile; fileRef = B5FD60282227F8A10029DC9C /* AppDelegate.m */; };
		B5FD602C2227F8A10029DC9C /* ViewController.m in Sources */ = {isa = PBXBuildFile; fileRef = B5FD602B2227F8A10029DC9C /* ViewController.m */; };
		B5FD602F2227F8A10029DC9C /* Main.storyboard in Resources */ = {isa = PBXBuildFile; fileRef = B5FD602D2227F8A10029DC9C /* Main.storyboard */; };
		B5FD60312227F8A30029DC9C /* Assets.xcassets in Resources */ = {isa = PBXBuildFile; fileRef = B5FD60302227F8A30029DC9C /* Assets.xcassets */; };
		B5FD60342227F8A30029DC9C /* LaunchScreen.storyboard in Resources */ = {isa = PBXBuildFile; fileRef = B5FD60322227F8A30029DC9C /* LaunchScreen.storyboard */; };
		B5FD60372227F8A30029DC9C /* main.m in Sources */ = {isa = PBXBuildFile; fileRef = B5FD60362227F8A30029DC9C /* main.m */; };
		B5FD60412227F8A30029DC9C /* RunHouseTests.m in Sources */ = {isa = PBXBuildFile; fileRef = B5FD60402227F8A30029DC9C /* RunHouseTests.m */; };
		B5FD604C2227F8A30029DC9C /* RunHouseUITests.m in Sources */ = {isa = PBXBuildFile; fileRef = B5FD604B2227F8A30029DC9C /* RunHouseUITests.m */; };
		B5FD60632227F8BB0029DC9C /* UIRunHouseItem.m in Sources */ = {isa = PBXBuildFile; fileRef = B5FD605C2227F8BB0029DC9C /* UIRunHouseItem.m */; };
		B5FD60642227F8BB0029DC9C /* UIRunHouseView.m in Sources */ = {isa = PBXBuildFile; fileRef = B5FD605D2227F8BB0029DC9C /* UIRunHouseView.m */; };
		B5FD60652227F8BB0029DC9C /* Quene.m in Sources */ = {isa = PBXBuildFile; fileRef = B5FD605F2227F8BB0029DC9C /* Quene.m */; };
		B5FD60662227F8BB0029DC9C /* Node.m in Sources */ = {isa = PBXBuildFile; fileRef = B5FD60612227F8BB0029DC9C /* Node.m */; };
		B5FD606A2227F96B0029DC9C /* LYHCustomRunHouseView.m in Sources */ = {isa = PBXBuildFile; fileRef = B5FD60692227F96B0029DC9C /* LYHCustomRunHouseView.m */; };
		B5FD609622280A180029DC9C /* LYHImageTitleVIew.m in Sources */ = {isa = PBXBuildFile; fileRef = B5FD609522280A180029DC9C /* LYHImageTitleVIew.m */; };
/* End PBXBuildFile section */

/* Begin PBXContainerItemProxy section */
		B5FD603D2227F8A30029DC9C /* PBXContainerItemProxy */ = {
			isa = PBXContainerItemProxy;
			containerPortal = B5FD601C2227F8A10029DC9C /* Project object */;
			proxyType = 1;
			remoteGlobalIDString = B5FD60232227F8A10029DC9C;
			remoteInfo = RunHouse;
		};
		B5FD60482227F8A30029DC9C /* PBXContainerItemProxy */ = {
			isa = PBXContainerItemProxy;
			containerPortal = B5FD601C2227F8A10029DC9C /* Project object */;
			proxyType = 1;
			remoteGlobalIDString = B5FD60232227F8A10029DC9C;
			remoteInfo = RunHouse;
		};
/* End PBXContainerItemProxy section */

/* Begin PBXFileReference section */
		B5A3BB5722295B9800380C62 /* YYWeakProxy.h */ = {isa = PBXFileReference; fileEncoding = 4; lastKnownFileType = sourcecode.c.h; path = YYWeakProxy.h; sourceTree = "<group>"; };
		B5A3BB5822295B9800380C62 /* YYWeakProxy.m */ = {isa = PBXFileReference; fileEncoding = 4; lastKnownFileType = sourcecode.c.objc; path = YYWeakProxy.m; sourceTree = "<group>"; };
		B5A3BB6F222B720500380C62 /* LICENSE */ = {isa = PBXFileReference; fileEncoding = 4; lastKnownFileType = text; path = LICENSE; sourceTree = "<group>"; };
		B5A3BB71222B720500380C62 /* MASCompositeConstraint.h */ = {isa = PBXFileReference; fileEncoding = 4; lastKnownFileType = sourcecode.c.h; path = MASCompositeConstraint.h; sourceTree = "<group>"; };
		B5A3BB72222B720500380C62 /* NSLayoutConstraint+MASDebugAdditions.m */ = {isa = PBXFileReference; fileEncoding = 4; lastKnownFileType = sourcecode.c.objc; path = "NSLayoutConstraint+MASDebugAdditions.m"; sourceTree = "<group>"; };
		B5A3BB73222B720500380C62 /* MASConstraint+Private.h */ = {isa = PBXFileReference; fileEncoding = 4; lastKnownFileType = sourcecode.c.h; path = "MASConstraint+Private.h"; sourceTree = "<group>"; };
		B5A3BB74222B720500380C62 /* MASLayoutConstraint.h */ = {isa = PBXFileReference; fileEncoding = 4; lastKnownFileType = sourcecode.c.h; path = MASLayoutConstraint.h; sourceTree = "<group>"; };
		B5A3BB75222B720500380C62 /* NSArray+MASShorthandAdditions.h */ = {isa = PBXFileReference; fileEncoding = 4; lastKnownFileType = sourcecode.c.h; path = "NSArray+MASShorthandAdditions.h"; sourceTree = "<group>"; };
		B5A3BB76222B720500380C62 /* MASConstraintMaker.h */ = {isa = PBXFileReference; fileEncoding = 4; lastKnownFileType = sourcecode.c.h; path = MASConstraintMaker.h; sourceTree = "<group>"; };
		B5A3BB77222B720500380C62 /* View+MASAdditions.h */ = {isa = PBXFileReference; fileEncoding = 4; lastKnownFileType = sourcecode.c.h; path = "View+MASAdditions.h"; sourceTree = "<group>"; };
		B5A3BB78222B720500380C62 /* NSArray+MASAdditions.h */ = {isa = PBXFileReference; fileEncoding = 4; lastKnownFileType = sourcecode.c.h; path = "NSArray+MASAdditions.h"; sourceTree = "<group>"; };
		B5A3BB79222B720500380C62 /* MASUtilities.h */ = {isa = PBXFileReference; fileEncoding = 4; lastKnownFileType = sourcecode.c.h; path = MASUtilities.h; sourceTree = "<group>"; };
		B5A3BB7A222B720500380C62 /* MASViewAttribute.h */ = {isa = PBXFileReference; fileEncoding = 4; lastKnownFileType = sourcecode.c.h; path = MASViewAttribute.h; sourceTree = "<group>"; };
		B5A3BB7B222B720500380C62 /* ViewController+MASAdditions.m */ = {isa = PBXFileReference; fileEncoding = 4; lastKnownFileType = sourcecode.c.objc; path = "ViewController+MASAdditions.m"; sourceTree = "<group>"; };
		B5A3BB7C222B720500380C62 /* MASViewConstraint.h */ = {isa = PBXFileReference; fileEncoding = 4; lastKnownFileType = sourcecode.c.h; path = MASViewConstraint.h; sourceTree = "<group>"; };
		B5A3BB7D222B720500380C62 /* MASConstraint.h */ = {isa = PBXFileReference; fileEncoding = 4; lastKnownFileType = sourcecode.c.h; path = MASConstraint.h; sourceTree = "<group>"; };
		B5A3BB7E222B720500380C62 /* NSLayoutConstraint+MASDebugAdditions.h */ = {isa = PBXFileReference; fileEncoding = 4; lastKnownFileType = sourcecode.c.h; path = "NSLayoutConstraint+MASDebugAdditions.h"; sourceTree = "<group>"; };
		B5A3BB7F222B720500380C62 /* MASCompositeConstraint.m */ = {isa = PBXFileReference; fileEncoding = 4; lastKnownFileType = sourcecode.c.objc; path = MASCompositeConstraint.m; sourceTree = "<group>"; };
		B5A3BB80222B720500380C62 /* MASConstraintMaker.m */ = {isa = PBXFileReference; fileEncoding = 4; lastKnownFileType = sourcecode.c.objc; path = MASConstraintMaker.m; sourceTree = "<group>"; };
		B5A3BB81222B720500380C62 /* MASLayoutConstraint.m */ = {isa = PBXFileReference; fileEncoding = 4; lastKnownFileType = sourcecode.c.objc; path = MASLayoutConstraint.m; sourceTree = "<group>"; };
		B5A3BB82222B720500380C62 /* NSArray+MASAdditions.m */ = {isa = PBXFileReference; fileEncoding = 4; lastKnownFileType = sourcecode.c.objc; path = "NSArray+MASAdditions.m"; sourceTree = "<group>"; };
		B5A3BB83222B720500380C62 /* View+MASAdditions.m */ = {isa = PBXFileReference; fileEncoding = 4; lastKnownFileType = sourcecode.c.objc; path = "View+MASAdditions.m"; sourceTree = "<group>"; };
		B5A3BB84222B720500380C62 /* View+MASShorthandAdditions.h */ = {isa = PBXFileReference; fileEncoding = 4; lastKnownFileType = sourcecode.c.h; path = "View+MASShorthandAdditions.h"; sourceTree = "<group>"; };
		B5A3BB85222B720500380C62 /* Masonry.h */ = {isa = PBXFileReference; fileEncoding = 4; lastKnownFileType = sourcecode.c.h; path = Masonry.h; sourceTree = "<group>"; };
		B5A3BB86222B720500380C62 /* MASConstraint.m */ = {isa = PBXFileReference; fileEncoding = 4; lastKnownFileType = sourcecode.c.objc; path = MASConstraint.m; sourceTree = "<group>"; };
		B5A3BB87222B720500380C62 /* ViewController+MASAdditions.h */ = {isa = PBXFileReference; fileEncoding = 4; lastKnownFileType = sourcecode.c.h; path = "ViewController+MASAdditions.h"; sourceTree = "<group>"; };
		B5A3BB88222B720500380C62 /* MASViewConstraint.m */ = {isa = PBXFileReference; fileEncoding = 4; lastKnownFileType = sourcecode.c.objc; path = MASViewConstraint.m; sourceTree = "<group>"; };
		B5A3BB89222B720500380C62 /* MASViewAttribute.m */ = {isa = PBXFileReference; fileEncoding = 4; lastKnownFileType = sourcecode.c.objc; path = MASViewAttribute.m; sourceTree = "<group>"; };
		B5A3BB8A222B720500380C62 /* README.md */ = {isa = PBXFileReference; fileEncoding = 4; lastKnownFileType = net.daringfireball.markdown; path = README.md; sourceTree = "<group>"; };
		B5FD60242227F8A10029DC9C /* RunHouse.app */ = {isa = PBXFileReference; explicitFileType = wrapper.application; includeInIndex = 0; path = RunHouse.app; sourceTree = BUILT_PRODUCTS_DIR; };
		B5FD60272227F8A10029DC9C /* AppDelegate.h */ = {isa = PBXFileReference; lastKnownFileType = sourcecode.c.h; path = AppDelegate.h; sourceTree = "<group>"; };
		B5FD60282227F8A10029DC9C /* AppDelegate.m */ = {isa = PBXFileReference; lastKnownFileType = sourcecode.c.objc; path = AppDelegate.m; sourceTree = "<group>"; };
		B5FD602A2227F8A10029DC9C /* ViewController.h */ = {isa = PBXFileReference; lastKnownFileType = sourcecode.c.h; path = ViewController.h; sourceTree = "<group>"; };
		B5FD602B2227F8A10029DC9C /* ViewController.m */ = {isa = PBXFileReference; lastKnownFileType = sourcecode.c.objc; path = ViewController.m; sourceTree = "<group>"; };
		B5FD602E2227F8A10029DC9C /* Base */ = {isa = PBXFileReference; lastKnownFileType = file.storyboard; name = Base; path = Base.lproj/Main.storyboard; sourceTree = "<group>"; };
		B5FD60302227F8A30029DC9C /* Assets.xcassets */ = {isa = PBXFileReference; lastKnownFileType = folder.assetcatalog; path = Assets.xcassets; sourceTree = "<group>"; };
		B5FD60332227F8A30029DC9C /* Base */ = {isa = PBXFileReference; lastKnownFileType = file.storyboard; name = Base; path = Base.lproj/LaunchScreen.storyboard; sourceTree = "<group>"; };
		B5FD60352227F8A30029DC9C /* Info.plist */ = {isa = PBXFileReference; lastKnownFileType = text.plist.xml; path = Info.plist; sourceTree = "<group>"; };
		B5FD60362227F8A30029DC9C /* main.m */ = {isa = PBXFileReference; lastKnownFileType = sourcecode.c.objc; path = main.m; sourceTree = "<group>"; };
		B5FD603C2227F8A30029DC9C /* RunHouseTests.xctest */ = {isa = PBXFileReference; explicitFileType = wrapper.cfbundle; includeInIndex = 0; path = RunHouseTests.xctest; sourceTree = BUILT_PRODUCTS_DIR; };
		B5FD60402227F8A30029DC9C /* RunHouseTests.m */ = {isa = PBXFileReference; lastKnownFileType = sourcecode.c.objc; path = RunHouseTests.m; sourceTree = "<group>"; };
		B5FD60422227F8A30029DC9C /* Info.plist */ = {isa = PBXFileReference; lastKnownFileType = text.plist.xml; path = Info.plist; sourceTree = "<group>"; };
		B5FD60472227F8A30029DC9C /* RunHouseUITests.xctest */ = {isa = PBXFileReference; explicitFileType = wrapper.cfbundle; includeInIndex = 0; path = RunHouseUITests.xctest; sourceTree = BUILT_PRODUCTS_DIR; };
		B5FD604B2227F8A30029DC9C /* RunHouseUITests.m */ = {isa = PBXFileReference; lastKnownFileType = sourcecode.c.objc; path = RunHouseUITests.m; sourceTree = "<group>"; };
		B5FD604D2227F8A30029DC9C /* Info.plist */ = {isa = PBXFileReference; lastKnownFileType = text.plist.xml; path = Info.plist; sourceTree = "<group>"; };
		B5FD605B2227F8BB0029DC9C /* Quene.h */ = {isa = PBXFileReference; fileEncoding = 4; lastKnownFileType = sourcecode.c.h; path = Quene.h; sourceTree = "<group>"; };
		B5FD605C2227F8BB0029DC9C /* UIRunHouseItem.m */ = {isa = PBXFileReference; fileEncoding = 4; lastKnownFileType = sourcecode.c.objc; path = UIRunHouseItem.m; sourceTree = "<group>"; };
		B5FD605D2227F8BB0029DC9C /* UIRunHouseView.m */ = {isa = PBXFileReference; fileEncoding = 4; lastKnownFileType = sourcecode.c.objc; path = UIRunHouseView.m; sourceTree = "<group>"; };
		B5FD605E2227F8BB0029DC9C /* Node.h */ = {isa = PBXFileReference; fileEncoding = 4; lastKnownFileType = sourcecode.c.h; path = Node.h; sourceTree = "<group>"; };
		B5FD605F2227F8BB0029DC9C /* Quene.m */ = {isa = PBXFileReference; fileEncoding = 4; lastKnownFileType = sourcecode.c.objc; path = Quene.m; sourceTree = "<group>"; };
		B5FD60602227F8BB0029DC9C /* UIRunHouseItem.h */ = {isa = PBXFileReference; fileEncoding = 4; lastKnownFileType = sourcecode.c.h; path = UIRunHouseItem.h; sourceTree = "<group>"; };
		B5FD60612227F8BB0029DC9C /* Node.m */ = {isa = PBXFileReference; fileEncoding = 4; lastKnownFileType = sourcecode.c.objc; path = Node.m; sourceTree = "<group>"; };
		B5FD60622227F8BB0029DC9C /* UIRunHouseView.h */ = {isa = PBXFileReference; fileEncoding = 4; lastKnownFileType = sourcecode.c.h; path = UIRunHouseView.h; sourceTree = "<group>"; };
		B5FD60682227F96A0029DC9C /* LYHCustomRunHouseView.h */ = {isa = PBXFileReference; lastKnownFileType = sourcecode.c.h; path = LYHCustomRunHouseView.h; sourceTree = "<group>"; };
		B5FD60692227F96B0029DC9C /* LYHCustomRunHouseView.m */ = {isa = PBXFileReference; lastKnownFileType = sourcecode.c.objc; path = LYHCustomRunHouseView.m; sourceTree = "<group>"; };
		B5FD609422280A180029DC9C /* LYHImageTitleVIew.h */ = {isa = PBXFileReference; lastKnownFileType = sourcecode.c.h; path = LYHImageTitleVIew.h; sourceTree = "<group>"; };
		B5FD609522280A180029DC9C /* LYHImageTitleVIew.m */ = {isa = PBXFileReference; lastKnownFileType = sourcecode.c.objc; path = LYHImageTitleVIew.m; sourceTree = "<group>"; };
/* End PBXFileReference section */

/* Begin PBXFrameworksBuildPhase section */
		B5FD60212227F8A10029DC9C /* Frameworks */ = {
			isa = PBXFrameworksBuildPhase;
			buildActionMask = 2147483647;
			files = (
			);
			runOnlyForDeploymentPostprocessing = 0;
		};
		B5FD60392227F8A30029DC9C /* Frameworks */ = {
			isa = PBXFrameworksBuildPhase;
			buildActionMask = 2147483647;
			files = (
			);
			runOnlyForDeploymentPostprocessing = 0;
		};
		B5FD60442227F8A30029DC9C /* Frameworks */ = {
			isa = PBXFrameworksBuildPhase;
			buildActionMask = 2147483647;
			files = (
			);
			runOnlyForDeploymentPostprocessing = 0;
		};
/* End PBXFrameworksBuildPhase section */

/* Begin PBXGroup section */
		B5A3BB6E222B720500380C62 /* Masonry */ = {
			isa = PBXGroup;
			children = (
				B5A3BB6F222B720500380C62 /* LICENSE */,
				B5A3BB70222B720500380C62 /* Masonry */,
				B5A3BB8A222B720500380C62 /* README.md */,
			);
			path = Masonry;
			sourceTree = "<group>";
		};
		B5A3BB70222B720500380C62 /* Masonry */ = {
			isa = PBXGroup;
			children = (
				B5A3BB71222B720500380C62 /* MASCompositeConstraint.h */,
				B5A3BB72222B720500380C62 /* NSLayoutConstraint+MASDebugAdditions.m */,
				B5A3BB73222B720500380C62 /* MASConstraint+Private.h */,
				B5A3BB74222B720500380C62 /* MASLayoutConstraint.h */,
				B5A3BB75222B720500380C62 /* NSArray+MASShorthandAdditions.h */,
				B5A3BB76222B720500380C62 /* MASConstraintMaker.h */,
				B5A3BB77222B720500380C62 /* View+MASAdditions.h */,
				B5A3BB78222B720500380C62 /* NSArray+MASAdditions.h */,
				B5A3BB79222B720500380C62 /* MASUtilities.h */,
				B5A3BB7A222B720500380C62 /* MASViewAttribute.h */,
				B5A3BB7B222B720500380C62 /* ViewController+MASAdditions.m */,
				B5A3BB7C222B720500380C62 /* MASViewConstraint.h */,
				B5A3BB7D222B720500380C62 /* MASConstraint.h */,
				B5A3BB7E222B720500380C62 /* NSLayoutConstraint+MASDebugAdditions.h */,
				B5A3BB7F222B720500380C62 /* MASCompositeConstraint.m */,
				B5A3BB80222B720500380C62 /* MASConstraintMaker.m */,
				B5A3BB81222B720500380C62 /* MASLayoutConstraint.m */,
				B5A3BB82222B720500380C62 /* NSArray+MASAdditions.m */,
				B5A3BB83222B720500380C62 /* View+MASAdditions.m */,
				B5A3BB84222B720500380C62 /* View+MASShorthandAdditions.h */,
				B5A3BB85222B720500380C62 /* Masonry.h */,
				B5A3BB86222B720500380C62 /* MASConstraint.m */,
				B5A3BB87222B720500380C62 /* ViewController+MASAdditions.h */,
				B5A3BB88222B720500380C62 /* MASViewConstraint.m */,
				B5A3BB89222B720500380C62 /* MASViewAttribute.m */,
			);
			path = Masonry;
			sourceTree = "<group>";
		};
		B5FD601B2227F8A10029DC9C = {
			isa = PBXGroup;
			children = (
				B5FD60262227F8A10029DC9C /* RunHouse */,
				B5FD603F2227F8A30029DC9C /* RunHouseTests */,
				B5FD604A2227F8A30029DC9C /* RunHouseUITests */,
				B5FD60252227F8A10029DC9C /* Products */,
			);
			sourceTree = "<group>";
		};
		B5FD60252227F8A10029DC9C /* Products */ = {
			isa = PBXGroup;
			children = (
				B5FD60242227F8A10029DC9C /* RunHouse.app */,
				B5FD603C2227F8A30029DC9C /* RunHouseTests.xctest */,
				B5FD60472227F8A30029DC9C /* RunHouseUITests.xctest */,
			);
			name = Products;
			sourceTree = "<group>";
		};
		B5FD60262227F8A10029DC9C /* RunHouse */ = {
			isa = PBXGroup;
			children = (
				B5FD605A2227F8BB0029DC9C /* Runhouse */,
				B5FD60272227F8A10029DC9C /* AppDelegate.h */,
				B5FD60282227F8A10029DC9C /* AppDelegate.m */,
				B5FD609422280A180029DC9C /* LYHImageTitleVIew.h */,
				B5FD609522280A180029DC9C /* LYHImageTitleVIew.m */,
				B5FD60682227F96A0029DC9C /* LYHCustomRunHouseView.h */,
				B5FD60692227F96B0029DC9C /* LYHCustomRunHouseView.m */,
				B5A3BB6E222B720500380C62 /* Masonry */,
				B5FD602A2227F8A10029DC9C /* ViewController.h */,
				B5FD602B2227F8A10029DC9C /* ViewController.m */,
				B5FD602D2227F8A10029DC9C /* Main.storyboard */,
				B5FD60302227F8A30029DC9C /* Assets.xcassets */,
				B5FD60322227F8A30029DC9C /* LaunchScreen.storyboard */,
				B5FD60352227F8A30029DC9C /* Info.plist */,
				B5FD60362227F8A30029DC9C /* main.m */,
			);
			path = RunHouse;
			sourceTree = "<group>";
		};
		B5FD603F2227F8A30029DC9C /* RunHouseTests */ = {
			isa = PBXGroup;
			children = (
				B5FD60402227F8A30029DC9C /* RunHouseTests.m */,
				B5FD60422227F8A30029DC9C /* Info.plist */,
			);
			path = RunHouseTests;
			sourceTree = "<group>";
		};
		B5FD604A2227F8A30029DC9C /* RunHouseUITests */ = {
			isa = PBXGroup;
			children = (
				B5FD604B2227F8A30029DC9C /* RunHouseUITests.m */,
				B5FD604D2227F8A30029DC9C /* Info.plist */,
			);
			path = RunHouseUITests;
			sourceTree = "<group>";
		};
		B5FD605A2227F8BB0029DC9C /* Runhouse */ = {
			isa = PBXGroup;
			children = (
				B5FD60622227F8BB0029DC9C /* UIRunHouseView.h */,
				B5FD605D2227F8BB0029DC9C /* UIRunHouseView.m */,
				B5FD60602227F8BB0029DC9C /* UIRunHouseItem.h */,
				B5FD605C2227F8BB0029DC9C /* UIRunHouseItem.m */,
				B5A3BB5722295B9800380C62 /* YYWeakProxy.h */,
				B5A3BB5822295B9800380C62 /* YYWeakProxy.m */,
				B5FD60672227F8DE0029DC9C /* BaseData */,
			);
			path = Runhouse;
			sourceTree = "<group>";
		};
		B5FD60672227F8DE0029DC9C /* BaseData */ = {
			isa = PBXGroup;
			children = (
				B5FD605B2227F8BB0029DC9C /* Quene.h */,
				B5FD605F2227F8BB0029DC9C /* Quene.m */,
				B5FD605E2227F8BB0029DC9C /* Node.h */,
				B5FD60612227F8BB0029DC9C /* Node.m */,
			);
			path = BaseData;
			sourceTree = "<group>";
		};
/* End PBXGroup section */

/* Begin PBXNativeTarget section */
		B5FD60232227F8A10029DC9C /* RunHouse */ = {
			isa = PBXNativeTarget;
			buildConfigurationList = B5FD60502227F8A30029DC9C /* Build configuration list for PBXNativeTarget "RunHouse" */;
			buildPhases = (
				B5FD60202227F8A10029DC9C /* Sources */,
				B5FD60212227F8A10029DC9C /* Frameworks */,
				B5FD60222227F8A10029DC9C /* Resources */,
			);
			buildRules = (
			);
			dependencies = (
			);
			name = RunHouse;
			productName = RunHouse;
			productReference = B5FD60242227F8A10029DC9C /* RunHouse.app */;
			productType = "com.apple.product-type.application";
		};
		B5FD603B2227F8A30029DC9C /* RunHouseTests */ = {
			isa = PBXNativeTarget;
			buildConfigurationList = B5FD60532227F8A30029DC9C /* Build configuration list for PBXNativeTarget "RunHouseTests" */;
			buildPhases = (
				B5FD60382227F8A30029DC9C /* Sources */,
				B5FD60392227F8A30029DC9C /* Frameworks */,
				B5FD603A2227F8A30029DC9C /* Resources */,
			);
			buildRules = (
			);
			dependencies = (
				B5FD603E2227F8A30029DC9C /* PBXTargetDependency */,
			);
			name = RunHouseTests;
			productName = RunHouseTests;
			productReference = B5FD603C2227F8A30029DC9C /* RunHouseTests.xctest */;
			productType = "com.apple.product-type.bundle.unit-test";
		};
		B5FD60462227F8A30029DC9C /* RunHouseUITests */ = {
			isa = PBXNativeTarget;
			buildConfigurationList = B5FD60562227F8A30029DC9C /* Build configuration list for PBXNativeTarget "RunHouseUITests" */;
			buildPhases = (
				B5FD60432227F8A30029DC9C /* Sources */,
				B5FD60442227F8A30029DC9C /* Frameworks */,
				B5FD60452227F8A30029DC9C /* Resources */,
			);
			buildRules = (
			);
			dependencies = (
				B5FD60492227F8A30029DC9C /* PBXTargetDependency */,
			);
			name = RunHouseUITests;
			productName = RunHouseUITests;
			productReference = B5FD60472227F8A30029DC9C /* RunHouseUITests.xctest */;
			productType = "com.apple.product-type.bundle.ui-testing";
		};
/* End PBXNativeTarget section */

/* Begin PBXProject section */
		B5FD601C2227F8A10029DC9C /* Project object */ = {
			isa = PBXProject;
			attributes = {
				LastUpgradeCheck = 1010;
				ORGANIZATIONNAME = LHR;
				TargetAttributes = {
					B5FD60232227F8A10029DC9C = {
						CreatedOnToolsVersion = 10.1;
					};
					B5FD603B2227F8A30029DC9C = {
						CreatedOnToolsVersion = 10.1;
						TestTargetID = B5FD60232227F8A10029DC9C;
					};
					B5FD60462227F8A30029DC9C = {
						CreatedOnToolsVersion = 10.1;
						TestTargetID = B5FD60232227F8A10029DC9C;
					};
				};
			};
			buildConfigurationList = B5FD601F2227F8A10029DC9C /* Build configuration list for PBXProject "RunHouse" */;
			compatibilityVersion = "Xcode 9.3";
			developmentRegion = en;
			hasScannedForEncodings = 0;
			knownRegions = (
				en,
				Base,
			);
			mainGroup = B5FD601B2227F8A10029DC9C;
			productRefGroup = B5FD60252227F8A10029DC9C /* Products */;
			projectDirPath = "";
			projectRoot = "";
			targets = (
				B5FD60232227F8A10029DC9C /* RunHouse */,
				B5FD603B2227F8A30029DC9C /* RunHouseTests */,
				B5FD60462227F8A30029DC9C /* RunHouseUITests */,
			);
		};
/* End PBXProject section */

/* Begin PBXResourcesBuildPhase section */
		B5FD60222227F8A10029DC9C /* Resources */ = {
			isa = PBXResourcesBuildPhase;
			buildActionMask = 2147483647;
			files = (
				B5FD60342227F8A30029DC9C /* LaunchScreen.storyboard in Resources */,
				B5FD60312227F8A30029DC9C /* Assets.xcassets in Resources */,
				B5A3BB96222B720500380C62 /* README.md in Resources */,
				B5A3BB8B222B720500380C62 /* LICENSE in Resources */,
				B5FD602F2227F8A10029DC9C /* Main.storyboard in Resources */,
			);
			runOnlyForDeploymentPostprocessing = 0;
		};
		B5FD603A2227F8A30029DC9C /* Resources */ = {
			isa = PBXResourcesBuildPhase;
			buildActionMask = 2147483647;
			files = (
			);
			runOnlyForDeploymentPostprocessing = 0;
		};
		B5FD60452227F8A30029DC9C /* Resources */ = {
			isa = PBXResourcesBuildPhase;
			buildActionMask = 2147483647;
			files = (
			);
			runOnlyForDeploymentPostprocessing = 0;
		};
/* End PBXResourcesBuildPhase section */

/* Begin PBXSourcesBuildPhase section */
		B5FD60202227F8A10029DC9C /* Sources */ = {
			isa = PBXSourcesBuildPhase;
			buildActionMask = 2147483647;
			files = (
				B5A3BB8C222B720500380C62 /* NSLayoutConstraint+MASDebugAdditions.m in Sources */,
				B5FD60652227F8BB0029DC9C /* Quene.m in Sources */,
				B5A3BB93222B720500380C62 /* MASConstraint.m in Sources */,
				B5A3BB94222B720500380C62 /* MASViewConstraint.m in Sources */,
				B5A3BB8D222B720500380C62 /* ViewController+MASAdditions.m in Sources */,
				B5A3BB95222B720500380C62 /* MASViewAttribute.m in Sources */,
				B5FD602C2227F8A10029DC9C /* ViewController.m in Sources */,
				B5A3BB8E222B720500380C62 /* MASCompositeConstraint.m in Sources */,
				B5A3BB92222B720500380C62 /* View+MASAdditions.m in Sources */,
				B5A3BB5922295B9800380C62 /* YYWeakProxy.m in Sources */,
				B5FD60662227F8BB0029DC9C /* Node.m in Sources */,
				B5A3BB90222B720500380C62 /* MASLayoutConstraint.m in Sources */,
				B5A3BB8F222B720500380C62 /* MASConstraintMaker.m in Sources */,
				B5FD60632227F8BB0029DC9C /* UIRunHouseItem.m in Sources */,
				B5FD60642227F8BB0029DC9C /* UIRunHouseView.m in Sources */,
				B5FD60372227F8A30029DC9C /* main.m in Sources */,
				B5A3BB91222B720500380C62 /* NSArray+MASAdditions.m in Sources */,
				B5FD606A2227F96B0029DC9C /* LYHCustomRunHouseView.m in Sources */,
				B5FD609622280A180029DC9C /* LYHImageTitleVIew.m in Sources */,
				B5FD60292227F8A10029DC9C /* AppDelegate.m in Sources */,
			);
			runOnlyForDeploymentPostprocessing = 0;
		};
		B5FD60382227F8A30029DC9C /* Sources */ = {
			isa = PBXSourcesBuildPhase;
			buildActionMask = 2147483647;
			files = (
				B5FD60412227F8A30029DC9C /* RunHouseTests.m in Sources */,
			);
			runOnlyForDeploymentPostprocessing = 0;
		};
		B5FD60432227F8A30029DC9C /* Sources */ = {
			isa = PBXSourcesBuildPhase;
			buildActionMask = 2147483647;
			files = (
				B5FD604C2227F8A30029DC9C /* RunHouseUITests.m in Sources */,
			);
			runOnlyForDeploymentPostprocessing = 0;
		};
/* End PBXSourcesBuildPhase section */

/* Begin PBXTargetDependency section */
		B5FD603E2227F8A30029DC9C /* PBXTargetDependency */ = {
			isa = PBXTargetDependency;
			target = B5FD60232227F8A10029DC9C /* RunHouse */;
			targetProxy = B5FD603D2227F8A30029DC9C /* PBXContainerItemProxy */;
		};
		B5FD60492227F8A30029DC9C /* PBXTargetDependency */ = {
			isa = PBXTargetDependency;
			target = B5FD60232227F8A10029DC9C /* RunHouse */;
			targetProxy = B5FD60482227F8A30029DC9C /* PBXContainerItemProxy */;
		};
/* End PBXTargetDependency section */

/* Begin PBXVariantGroup section */
		B5FD602D2227F8A10029DC9C /* Main.storyboard */ = {
			isa = PBXVariantGroup;
			children = (
				B5FD602E2227F8A10029DC9C /* Base */,
			);
			name = Main.storyboard;
			sourceTree = "<group>";
		};
		B5FD60322227F8A30029DC9C /* LaunchScreen.storyboard */ = {
			isa = PBXVariantGroup;
			children = (
				B5FD60332227F8A30029DC9C /* Base */,
			);
			name = LaunchScreen.storyboard;
			sourceTree = "<group>";
		};
/* End PBXVariantGroup section */

/* Begin XCBuildConfiguration section */
		B5FD604E2227F8A30029DC9C /* Debug */ = {
			isa = XCBuildConfiguration;
			buildSettings = {
				ALWAYS_SEARCH_USER_PATHS = NO;
				CLANG_ANALYZER_NONNULL = YES;
				CLANG_ANALYZER_NUMBER_OBJECT_CONVERSION = YES_AGGRESSIVE;
				CLANG_CXX_LANGUAGE_STANDARD = "gnu++14";
				CLANG_CXX_LIBRARY = "libc++";
				CLANG_ENABLE_MODULES = YES;
				CLANG_ENABLE_OBJC_ARC = YES;
				CLANG_ENABLE_OBJC_WEAK = YES;
				CLANG_WARN_BLOCK_CAPTURE_AUTORELEASING = YES;
				CLANG_WARN_BOOL_CONVERSION = YES;
				CLANG_WARN_COMMA = YES;
				CLANG_WARN_CONSTANT_CONVERSION = YES;
				CLANG_WARN_DEPRECATED_OBJC_IMPLEMENTATIONS = YES;
				CLANG_WARN_DIRECT_OBJC_ISA_USAGE = YES_ERROR;
				CLANG_WARN_DOCUMENTATION_COMMENTS = YES;
				CLANG_WARN_EMPTY_BODY = YES;
				CLANG_WARN_ENUM_CONVERSION = YES;
				CLANG_WARN_INFINITE_RECURSION = YES;
				CLANG_WARN_INT_CONVERSION = YES;
				CLANG_WARN_NON_LITERAL_NULL_CONVERSION = YES;
				CLANG_WARN_OBJC_IMPLICIT_RETAIN_SELF = YES;
				CLANG_WARN_OBJC_LITERAL_CONVERSION = YES;
				CLANG_WARN_OBJC_ROOT_CLASS = YES_ERROR;
				CLANG_WARN_RANGE_LOOP_ANALYSIS = YES;
				CLANG_WARN_STRICT_PROTOTYPES = YES;
				CLANG_WARN_SUSPICIOUS_MOVE = YES;
				CLANG_WARN_UNGUARDED_AVAILABILITY = YES_AGGRESSIVE;
				CLANG_WARN_UNREACHABLE_CODE = YES;
				CLANG_WARN__DUPLICATE_METHOD_MATCH = YES;
				CODE_SIGN_IDENTITY = "iPhone Developer";
				COPY_PHASE_STRIP = NO;
				DEBUG_INFORMATION_FORMAT = dwarf;
				ENABLE_STRICT_OBJC_MSGSEND = YES;
				ENABLE_TESTABILITY = YES;
				GCC_C_LANGUAGE_STANDARD = gnu11;
				GCC_DYNAMIC_NO_PIC = NO;
				GCC_NO_COMMON_BLOCKS = YES;
				GCC_OPTIMIZATION_LEVEL = 0;
				GCC_PREPROCESSOR_DEFINITIONS = (
					"DEBUG=1",
					"$(inherited)",
				);
				GCC_WARN_64_TO_32_BIT_CONVERSION = YES;
				GCC_WARN_ABOUT_RETURN_TYPE = YES_ERROR;
				GCC_WARN_UNDECLARED_SELECTOR = YES;
				GCC_WARN_UNINITIALIZED_AUTOS = YES_AGGRESSIVE;
				GCC_WARN_UNUSED_FUNCTION = YES;
				GCC_WARN_UNUSED_VARIABLE = YES;
				IPHONEOS_DEPLOYMENT_TARGET = 12.1;
				MTL_ENABLE_DEBUG_INFO = INCLUDE_SOURCE;
				MTL_FAST_MATH = YES;
				ONLY_ACTIVE_ARCH = YES;
				SDKROOT = iphoneos;
			};
			name = Debug;
		};
		B5FD604F2227F8A30029DC9C /* Release */ = {
			isa = XCBuildConfiguration;
			buildSettings = {
				ALWAYS_SEARCH_USER_PATHS = NO;
				CLANG_ANALYZER_NONNULL = YES;
				CLANG_ANALYZER_NUMBER_OBJECT_CONVERSION = YES_AGGRESSIVE;
				CLANG_CXX_LANGUAGE_STANDARD = "gnu++14";
				CLANG_CXX_LIBRARY = "libc++";
				CLANG_ENABLE_MODULES = YES;
				CLANG_ENABLE_OBJC_ARC = YES;
				CLANG_ENABLE_OBJC_WEAK = YES;
				CLANG_WARN_BLOCK_CAPTURE_AUTORELEASING = YES;
				CLANG_WARN_BOOL_CONVERSION = YES;
				CLANG_WARN_COMMA = YES;
				CLANG_WARN_CONSTANT_CONVERSION = YES;
				CLANG_WARN_DEPRECATED_OBJC_IMPLEMENTATIONS = YES;
				CLANG_WARN_DIRECT_OBJC_ISA_USAGE = YES_ERROR;
				CLANG_WARN_DOCUMENTATION_COMMENTS = YES;
				CLANG_WARN_EMPTY_BODY = YES;
				CLANG_WARN_ENUM_CONVERSION = YES;
				CLANG_WARN_INFINITE_RECURSION = YES;
				CLANG_WARN_INT_CONVERSION = YES;
				CLANG_WARN_NON_LITERAL_NULL_CONVERSION = YES;
				CLANG_WARN_OBJC_IMPLICIT_RETAIN_SELF = YES;
				CLANG_WARN_OBJC_LITERAL_CONVERSION = YES;
				CLANG_WARN_OBJC_ROOT_CLASS = YES_ERROR;
				CLANG_WARN_RANGE_LOOP_ANALYSIS = YES;
				CLANG_WARN_STRICT_PROTOTYPES = YES;
				CLANG_WARN_SUSPICIOUS_MOVE = YES;
				CLANG_WARN_UNGUARDED_AVAILABILITY = YES_AGGRESSIVE;
				CLANG_WARN_UNREACHABLE_CODE = YES;
				CLANG_WARN__DUPLICATE_METHOD_MATCH = YES;
				CODE_SIGN_IDENTITY = "iPhone Developer";
				COPY_PHASE_STRIP = NO;
				DEBUG_INFORMATION_FORMAT = "dwarf-with-dsym";
				ENABLE_NS_ASSERTIONS = NO;
				ENABLE_STRICT_OBJC_MSGSEND = YES;
				GCC_C_LANGUAGE_STANDARD = gnu11;
				GCC_NO_COMMON_BLOCKS = YES;
				GCC_WARN_64_TO_32_BIT_CONVERSION = YES;
				GCC_WARN_ABOUT_RETURN_TYPE = YES_ERROR;
				GCC_WARN_UNDECLARED_SELECTOR = YES;
				GCC_WARN_UNINITIALIZED_AUTOS = YES_AGGRESSIVE;
				GCC_WARN_UNUSED_FUNCTION = YES;
				GCC_WARN_UNUSED_VARIABLE = YES;
				IPHONEOS_DEPLOYMENT_TARGET = 12.1;
				MTL_ENABLE_DEBUG_INFO = NO;
				MTL_FAST_MATH = YES;
				SDKROOT = iphoneos;
				VALIDATE_PRODUCT = YES;
			};
			name = Release;
		};
		B5FD60512227F8A30029DC9C /* Debug */ = {
			isa = XCBuildConfiguration;
			buildSettings = {
				ASSETCATALOG_COMPILER_APPICON_NAME = AppIcon;
				CODE_SIGN_STYLE = Automatic;
				INFOPLIST_FILE = RunHouse/Info.plist;
				LD_RUNPATH_SEARCH_PATHS = (
					"$(inherited)",
					"@executable_path/Frameworks",
				);
				PRODUCT_BUNDLE_IDENTIFIER = a.RunHouse;
				PRODUCT_NAME = "$(TARGET_NAME)";
				TARGETED_DEVICE_FAMILY = "1,2";
			};
			name = Debug;
		};
		B5FD60522227F8A30029DC9C /* Release */ = {
			isa = XCBuildConfiguration;
			buildSettings = {
				ASSETCATALOG_COMPILER_APPICON_NAME = AppIcon;
				CODE_SIGN_STYLE = Automatic;
				INFOPLIST_FILE = RunHouse/Info.plist;
				LD_RUNPATH_SEARCH_PATHS = (
					"$(inherited)",
					"@executable_path/Frameworks",
				);
				PRODUCT_BUNDLE_IDENTIFIER = a.RunHouse;
				PRODUCT_NAME = "$(TARGET_NAME)";
				TARGETED_DEVICE_FAMILY = "1,2";
			};
			name = Release;
		};
		B5FD60542227F8A30029DC9C /* Debug */ = {
			isa = XCBuildConfiguration;
			buildSettings = {
				BUNDLE_LOADER = "$(TEST_HOST)";
				CODE_SIGN_STYLE = Automatic;
				INFOPLIST_FILE = RunHouseTests/Info.plist;
				LD_RUNPATH_SEARCH_PATHS = (
					"$(inherited)",
					"@executable_path/Frameworks",
					"@loader_path/Frameworks",
				);
				PRODUCT_BUNDLE_IDENTIFIER = a.RunHouseTests;
				PRODUCT_NAME = "$(TARGET_NAME)";
				TARGETED_DEVICE_FAMILY = "1,2";
				TEST_HOST = "$(BUILT_PRODUCTS_DIR)/RunHouse.app/RunHouse";
			};
			name = Debug;
		};
		B5FD60552227F8A30029DC9C /* Release */ = {
			isa = XCBuildConfiguration;
			buildSettings = {
				BUNDLE_LOADER = "$(TEST_HOST)";
				CODE_SIGN_STYLE = Automatic;
				INFOPLIST_FILE = RunHouseTests/Info.plist;
				LD_RUNPATH_SEARCH_PATHS = (
					"$(inherited)",
					"@executable_path/Frameworks",
					"@loader_path/Frameworks",
				);
				PRODUCT_BUNDLE_IDENTIFIER = a.RunHouseTests;
				PRODUCT_NAME = "$(TARGET_NAME)";
				TARGETED_DEVICE_FAMILY = "1,2";
				TEST_HOST = "$(BUILT_PRODUCTS_DIR)/RunHouse.app/RunHouse";
			};
			name = Release;
		};
		B5FD60572227F8A30029DC9C /* Debug */ = {
			isa = XCBuildConfiguration;
			buildSettings = {
				CODE_SIGN_STYLE = Automatic;
				INFOPLIST_FILE = RunHouseUITests/Info.plist;
				LD_RUNPATH_SEARCH_PATHS = (
					"$(inherited)",
					"@executable_path/Frameworks",
					"@loader_path/Frameworks",
				);
				PRODUCT_BUNDLE_IDENTIFIER = a.RunHouseUITests;
				PRODUCT_NAME = "$(TARGET_NAME)";
				TARGETED_DEVICE_FAMILY = "1,2";
				TEST_TARGET_NAME = RunHouse;
			};
			name = Debug;
		};
		B5FD60582227F8A30029DC9C /* Release */ = {
			isa = XCBuildConfiguration;
			buildSettings = {
				CODE_SIGN_STYLE = Automatic;
				INFOPLIST_FILE = RunHouseUITests/Info.plist;
				LD_RUNPATH_SEARCH_PATHS = (
					"$(inherited)",
					"@executable_path/Frameworks",
					"@loader_path/Frameworks",
				);
				PRODUCT_BUNDLE_IDENTIFIER = a.RunHouseUITests;
				PRODUCT_NAME = "$(TARGET_NAME)";
				TARGETED_DEVICE_FAMILY = "1,2";
				TEST_TARGET_NAME = RunHouse;
			};
			name = Release;
		};
/* End XCBuildConfiguration section */

/* Begin XCConfigurationList section */
		B5FD601F2227F8A10029DC9C /* Build configuration list for PBXProject "RunHouse" */ = {
			isa = XCConfigurationList;
			buildConfigurations = (
				B5FD604E2227F8A30029DC9C /* Debug */,
				B5FD604F2227F8A30029DC9C /* Release */,
			);
			defaultConfigurationIsVisible = 0;
			defaultConfigurationName = Release;
		};
		B5FD60502227F8A30029DC9C /* Build configuration list for PBXNativeTarget "RunHouse" */ = {
			isa = XCConfigurationList;
			buildConfigurations = (
				B5FD60512227F8A30029DC9C /* Debug */,
				B5FD60522227F8A30029DC9C /* Release */,
			);
			defaultConfigurationIsVisible = 0;
			defaultConfigurationName = Release;
		};
		B5FD60532227F8A30029DC9C /* Build configuration list for PBXNativeTarget "RunHouseTests" */ = {
			isa = XCConfigurationList;
			buildConfigurations = (
				B5FD60542227F8A30029DC9C /* Debug */,
				B5FD60552227F8A30029DC9C /* Release */,
			);
			defaultConfigurationIsVisible = 0;
			defaultConfigurationName = Release;
		};
		B5FD60562227F8A30029DC9C /* Build configuration list for PBXNativeTarget "RunHouseUITests" */ = {
			isa = XCConfigurationList;
			buildConfigurations = (
				B5FD60572227F8A30029DC9C /* Debug */,
				B5FD60582227F8A30029DC9C /* Release */,
			);
			defaultConfigurationIsVisible = 0;
			defaultConfigurationName = Release;
		};
/* End XCConfigurationList section */
	};
	rootObject = B5FD601C2227F8A10029DC9C /* Project object */;
}
